schema: '2.0'
stages:
  gen_data:
    cmd: python3 src/gen/batch.py
    outs:
    - path: data/single_block_v2.h5
      hash: md5
      md5: f79298c84de0a189504f44906071bcd0
      size: 515621504
  train_0_5:
    cmd: python3 src/train.py noise_exp_0.5 --accuracy 0.5 --confidence 0.95
    deps:
    - path: data/single_block_v2.h5
      hash: md5
      md5: f79298c84de0a189504f44906071bcd0
      size: 515621504
    - path: src/data/dataset.py
      hash: md5
      md5: 92ce4f55a5a7c3aa74348dc491310e6a
      size: 6636
    - path: src/train.py
      hash: md5
      md5: bb3c590a03bd0c554b02b6b2ffa3dbea
      size: 1645
    - path: src/training/engine.py
      hash: md5
      md5: 2d914049ce7f20d9e407aad9bba862c4
      size: 6389
    params:
      params.yaml:
        train.device: cuda
        train.lr: 0.0003
        train.max_epochs: 50
    outs:
    - path: checkpoints/noise_exp_0.5_best.pt
      hash: md5
      md5: 47715141d81c588b359ef7920771d92d
      size: 243173757
    - path: checkpoints/noise_exp_0.5_final.pt
      hash: md5
      md5: 4833409254c6dc65da6e8c5efff57dcf
      size: 243173830
  train_5:
    cmd: python3 src/train.py noise_exp_5 --accuracy 5 --confidence 0.95
    deps:
    - path: data/single_block_v2.h5
      hash: md5
      md5: f79298c84de0a189504f44906071bcd0
      size: 515621504
    - path: src/data/dataset.py
      hash: md5
      md5: 92ce4f55a5a7c3aa74348dc491310e6a
      size: 6636
    - path: src/train.py
      hash: md5
      md5: bb3c590a03bd0c554b02b6b2ffa3dbea
      size: 1645
    - path: src/training/engine.py
      hash: md5
      md5: 2d914049ce7f20d9e407aad9bba862c4
      size: 6389
    params:
      params.yaml:
        train.device: cuda
        train.lr: 0.0003
        train.max_epochs: 50
    outs:
    - path: checkpoints/noise_exp_5_best.pt
      hash: md5
      md5: bffb450ae65991943466ebad9263190b
      size: 243173611
    - path: checkpoints/noise_exp_5_final.pt
      hash: md5
      md5: 3c5d9b5664113fba77c1aa3e5fc76899
      size: 243173684
  train_50:
    cmd: python3 src/train.py noise_exp_50 --accuracy 50 --confidence 0.95
    deps:
    - path: data/single_block_v2.h5
      hash: md5
      md5: f79298c84de0a189504f44906071bcd0
      size: 515621504
    - path: src/data/dataset.py
      hash: md5
      md5: 92ce4f55a5a7c3aa74348dc491310e6a
      size: 6636
    - path: src/train.py
      hash: md5
      md5: bb3c590a03bd0c554b02b6b2ffa3dbea
      size: 1645
    - path: src/training/engine.py
      hash: md5
      md5: 2d914049ce7f20d9e407aad9bba862c4
      size: 6389
    params:
      params.yaml:
        train.device: cuda
        train.lr: 0.0003
        train.max_epochs: 50
    outs:
    - path: checkpoints/noise_exp_50_best.pt
      hash: md5
      md5: 4be55a0cd1aac0e6326cfc314690435d
      size: 243173684
    - path: checkpoints/noise_exp_50_final.pt
      hash: md5
      md5: 3c3c80ce84f2f9a049c230e87197b303
      size: 243173757
  train_500:
    cmd: python3 src/train.py noise_exp_500 --accuracy 500 --confidence 0.95
    deps:
    - path: data/single_block_v2.h5
      hash: md5
      md5: f79298c84de0a189504f44906071bcd0
      size: 515621504
    - path: src/data/dataset.py
      hash: md5
      md5: 92ce4f55a5a7c3aa74348dc491310e6a
      size: 6636
    - path: src/train.py
      hash: md5
      md5: bb3c590a03bd0c554b02b6b2ffa3dbea
      size: 1645
    - path: src/training/engine.py
      hash: md5
      md5: 2d914049ce7f20d9e407aad9bba862c4
      size: 6389
    params:
      params.yaml:
        train.device: cuda
        train.lr: 0.0003
        train.max_epochs: 50
    outs:
    - path: checkpoints/noise_exp_500_best.pt
      hash: md5
      md5: d9b65d23b6207f28375fb7d874e49c57
      size: 243173757
    - path: checkpoints/noise_exp_500_final.pt
      hash: md5
      md5: eecbdf47223999089f75348c89ea1ccd
      size: 243173830
  eval_0_5:
    cmd: python3 src/eval.py noise_exp_0.5 --headless -o metrics/eval_0.5.json
    deps:
    - path: checkpoints/noise_exp_0.5_final.pt
      hash: md5
      md5: 4833409254c6dc65da6e8c5efff57dcf
      size: 243173830
    - path: src/eval.py
      hash: md5
      md5: 6561f2f1331d152e4aa7a1ecfa8f188f
      size: 1320
    - path: src/training/evaluation.py
      hash: md5
      md5: acb6cd20ce03a16aef722ecbfeba17b1
      size: 23174
    params:
      params.yaml:
        train.components:
        - gx
        - gy
        - gz
    outs:
    - path: metrics/eval_0.5.json
      hash: md5
      md5: 6707217cba15e62c78eb3e9f65a71423
      size: 110
  eval_5:
    cmd: python3 src/eval.py noise_exp_5 --headless -o metrics/eval_5.json
    deps:
    - path: checkpoints/noise_exp_5_final.pt
      hash: md5
      md5: 3c5d9b5664113fba77c1aa3e5fc76899
      size: 243173684
    - path: src/eval.py
      hash: md5
      md5: 6561f2f1331d152e4aa7a1ecfa8f188f
      size: 1320
    - path: src/training/evaluation.py
      hash: md5
      md5: acb6cd20ce03a16aef722ecbfeba17b1
      size: 23174
    params:
      params.yaml:
        train.components:
        - gx
        - gy
        - gz
    outs:
    - path: metrics/eval_5.json
      hash: md5
      md5: a3d5deafd095e497bda3618f5e6c85c3
      size: 110
  eval_50:
    cmd: python3 src/eval.py noise_exp_50 --headless -o metrics/eval_50.json
    deps:
    - path: checkpoints/noise_exp_50_final.pt
      hash: md5
      md5: 3c3c80ce84f2f9a049c230e87197b303
      size: 243173757
    - path: src/eval.py
      hash: md5
      md5: 6561f2f1331d152e4aa7a1ecfa8f188f
      size: 1320
    - path: src/training/evaluation.py
      hash: md5
      md5: acb6cd20ce03a16aef722ecbfeba17b1
      size: 23174
    params:
      params.yaml:
        train.components:
        - gx
        - gy
        - gz
    outs:
    - path: metrics/eval_50.json
      hash: md5
      md5: 3c16cd52ad8c35df4e71b00f2b793c58
      size: 112
  eval_500:
    cmd: python3 src/eval.py noise_exp_500 --headless -o metrics/eval_500.json
    deps:
    - path: checkpoints/noise_exp_500_final.pt
      hash: md5
      md5: eecbdf47223999089f75348c89ea1ccd
      size: 243173830
    - path: src/eval.py
      hash: md5
      md5: 6561f2f1331d152e4aa7a1ecfa8f188f
      size: 1320
    - path: src/training/evaluation.py
      hash: md5
      md5: acb6cd20ce03a16aef722ecbfeba17b1
      size: 23174
    params:
      params.yaml:
        train.components:
        - gx
        - gy
        - gz
    outs:
    - path: metrics/eval_500.json
      hash: md5
      md5: 84e35a86725b144212c0e7a3ec2778c5
      size: 110
  train@0:
    cmd: python3 src/train.py noise_exp_0.5
    deps:
    - path: data/single_block_v2.h5
      hash: md5
      md5: f79298c84de0a189504f44906071bcd0
      size: 515621504
    - path: src/data/dataset.py
      hash: md5
      md5: 92ce4f55a5a7c3aa74348dc491310e6a
      size: 6636
    - path: src/train.py
      hash: md5
      md5: 811a5fce5306ef8a8af998788d1186c3
      size: 1997
    - path: src/training/engine.py
      hash: md5
      md5: 230d9d70cac573be27eb4f159180d7a3
      size: 6403
    params:
      params.yaml:
        train.confidence: 0.95
        train.device: cuda
        train.lr: 0.0003
        train.max_epochs: 50
        train.noise_levels:
        - accuracy: 0.5
          name: noise_exp_0.5
        - accuracy: 5
          name: noise_exp_5
        - accuracy: 50
          name: noise_exp_50
        - accuracy: 500
          name: noise_exp_500
    outs:
    - path: checkpoints/noise_exp_0.5_best.pt
      hash: md5
      md5: 255351e27d36684529a44cb8e1abfd7b
      size: 243173757
    - path: checkpoints/noise_exp_0.5_final.pt
      hash: md5
      md5: 2f82a4f1256cfa0bb495c8af163b2ffc
      size: 243173830
  eval@0:
    cmd: python3 src/eval.py noise_exp_0.5
    deps:
    - path: checkpoints/noise_exp_0.5_final.pt
      hash: md5
      md5: 2f82a4f1256cfa0bb495c8af163b2ffc
      size: 243173830
    - path: src/eval.py
      hash: md5
      md5: 252e1db3770341b596314c29b47c2666
      size: 1953
    - path: src/training/evaluation.py
      hash: md5
      md5: ebfa8ec908dbb4f260d1f3836d6f1c74
      size: 23259
    params:
      params.yaml:
        eval.headless: true
        eval.output_dir: metrics
        eval.threshold: 0.1
        train.components:
        - gx
        - gy
        - gz
        train.confidence: 0.95
        train.noise_levels:
        - accuracy: 0.5
          name: noise_exp_0.5
        - accuracy: 5
          name: noise_exp_5
        - accuracy: 50
          name: noise_exp_50
        - accuracy: 500
          name: noise_exp_500
    outs:
    - path: metrics/eval_0.5.json
      hash: md5
      md5: 7e1b1e32a99a15fc6b65e78648310713
      size: 670
  train@1:
    cmd: python3 src/train.py noise_exp_5
    deps:
    - path: data/single_block_v2.h5
      hash: md5
      md5: f79298c84de0a189504f44906071bcd0
      size: 515621504
    - path: src/data/dataset.py
      hash: md5
      md5: 92ce4f55a5a7c3aa74348dc491310e6a
      size: 6636
    - path: src/train.py
      hash: md5
      md5: 811a5fce5306ef8a8af998788d1186c3
      size: 1997
    - path: src/training/engine.py
      hash: md5
      md5: 230d9d70cac573be27eb4f159180d7a3
      size: 6403
    params:
      params.yaml:
        train.confidence: 0.95
        train.device: cuda
        train.lr: 0.0003
        train.max_epochs: 50
        train.noise_levels:
        - accuracy: 0.5
          name: noise_exp_0.5
        - accuracy: 5
          name: noise_exp_5
        - accuracy: 50
          name: noise_exp_50
        - accuracy: 500
          name: noise_exp_500
    outs:
    - path: checkpoints/noise_exp_5_best.pt
      hash: md5
      md5: 6f71702e933c09f20f50fff420c00af4
      size: 243173611
    - path: checkpoints/noise_exp_5_final.pt
      hash: md5
      md5: 5e67260dacac99e968b44b62303caa18
      size: 243173684
  train@2:
    cmd: python3 src/train.py noise_exp_50
    deps:
    - path: data/single_block_v2.h5
      hash: md5
      md5: f79298c84de0a189504f44906071bcd0
      size: 515621504
    - path: src/data/dataset.py
      hash: md5
      md5: 92ce4f55a5a7c3aa74348dc491310e6a
      size: 6636
    - path: src/train.py
      hash: md5
      md5: 811a5fce5306ef8a8af998788d1186c3
      size: 1997
    - path: src/training/engine.py
      hash: md5
      md5: 230d9d70cac573be27eb4f159180d7a3
      size: 6403
    params:
      params.yaml:
        train.confidence: 0.95
        train.device: cuda
        train.lr: 0.0003
        train.max_epochs: 50
        train.noise_levels:
        - accuracy: 0.5
          name: noise_exp_0.5
        - accuracy: 5
          name: noise_exp_5
        - accuracy: 50
          name: noise_exp_50
        - accuracy: 500
          name: noise_exp_500
    outs:
    - path: checkpoints/noise_exp_50_best.pt
      hash: md5
      md5: 1544d3f61ec69d444af979ac5504c268
      size: 243173684
    - path: checkpoints/noise_exp_50_final.pt
      hash: md5
      md5: 334196cdba228f7b7b0802dae615c2a2
      size: 243173757
  train@3:
    cmd: python3 src/train.py noise_exp_500
    deps:
    - path: data/single_block_v2.h5
      hash: md5
      md5: f79298c84de0a189504f44906071bcd0
      size: 515621504
    - path: src/data/dataset.py
      hash: md5
      md5: 92ce4f55a5a7c3aa74348dc491310e6a
      size: 6636
    - path: src/train.py
      hash: md5
      md5: 811a5fce5306ef8a8af998788d1186c3
      size: 1997
    - path: src/training/engine.py
      hash: md5
      md5: 230d9d70cac573be27eb4f159180d7a3
      size: 6403
    params:
      params.yaml:
        train.confidence: 0.95
        train.device: cuda
        train.lr: 0.0003
        train.max_epochs: 50
        train.noise_levels:
        - accuracy: 0.5
          name: noise_exp_0.5
        - accuracy: 5
          name: noise_exp_5
        - accuracy: 50
          name: noise_exp_50
        - accuracy: 500
          name: noise_exp_500
    outs:
    - path: checkpoints/noise_exp_500_best.pt
      hash: md5
      md5: dd53e22a897d8877f526ca43bfa5bc5d
      size: 243173757
    - path: checkpoints/noise_exp_500_final.pt
      hash: md5
      md5: 2fe5ee4846abc7c72a695b4f9e2b9b41
      size: 243173830
  eval@1:
    cmd: python3 src/eval.py noise_exp_5
    deps:
    - path: checkpoints/noise_exp_5_final.pt
      hash: md5
      md5: 5e67260dacac99e968b44b62303caa18
      size: 243173684
    - path: src/eval.py
      hash: md5
      md5: 252e1db3770341b596314c29b47c2666
      size: 1953
    - path: src/training/evaluation.py
      hash: md5
      md5: ebfa8ec908dbb4f260d1f3836d6f1c74
      size: 23259
    params:
      params.yaml:
        eval.headless: true
        eval.output_dir: metrics
        eval.threshold: 0.1
        train.components:
        - gx
        - gy
        - gz
        train.confidence: 0.95
        train.noise_levels:
        - accuracy: 0.5
          name: noise_exp_0.5
        - accuracy: 5
          name: noise_exp_5
        - accuracy: 50
          name: noise_exp_50
        - accuracy: 500
          name: noise_exp_500
    outs:
    - path: metrics/eval_5.json
      hash: md5
      md5: 7facf8adc00ada84a6469fde315b4f4a
      size: 668
  eval@2:
    cmd: python3 src/eval.py noise_exp_50
    deps:
    - path: checkpoints/noise_exp_50_final.pt
      hash: md5
      md5: 334196cdba228f7b7b0802dae615c2a2
      size: 243173757
    - path: src/eval.py
      hash: md5
      md5: 252e1db3770341b596314c29b47c2666
      size: 1953
    - path: src/training/evaluation.py
      hash: md5
      md5: ebfa8ec908dbb4f260d1f3836d6f1c74
      size: 23259
    params:
      params.yaml:
        eval.headless: true
        eval.output_dir: metrics
        eval.threshold: 0.1
        train.components:
        - gx
        - gy
        - gz
        train.confidence: 0.95
        train.noise_levels:
        - accuracy: 0.5
          name: noise_exp_0.5
        - accuracy: 5
          name: noise_exp_5
        - accuracy: 50
          name: noise_exp_50
        - accuracy: 500
          name: noise_exp_500
    outs:
    - path: metrics/eval_50.json
      hash: md5
      md5: f8955366d322452b855bac207c6258b2
      size: 667
  eval@3:
    cmd: python3 src/eval.py noise_exp_500
    deps:
    - path: checkpoints/noise_exp_500_final.pt
      hash: md5
      md5: 2fe5ee4846abc7c72a695b4f9e2b9b41
      size: 243173830
    - path: src/eval.py
      hash: md5
      md5: 252e1db3770341b596314c29b47c2666
      size: 1953
    - path: src/training/evaluation.py
      hash: md5
      md5: ebfa8ec908dbb4f260d1f3836d6f1c74
      size: 23259
    params:
      params.yaml:
        eval.headless: true
        eval.output_dir: metrics
        eval.threshold: 0.1
        train.components:
        - gx
        - gy
        - gz
        train.confidence: 0.95
        train.noise_levels:
        - accuracy: 0.5
          name: noise_exp_0.5
        - accuracy: 5
          name: noise_exp_5
        - accuracy: 50
          name: noise_exp_50
        - accuracy: 500
          name: noise_exp_500
    outs:
    - path: metrics/eval_500.json
      hash: md5
      md5: 1a14f5dd71a37439563e8ea1e9ccd22d
      size: 676
